// !$*UTF8*$!
{
	archiveVersion = 1;
	classes = {
	};
	objectVersion = 60;
	objects = {

/* Begin PBXBuildFile section */
		AA00000000000000000000E2 /* RedeApp.swift in Sources */ = {isa = PBXBuildFile; fileRef = AA00000000000000000000E1 /* RedeApp.swift */; };
		AA00000000000000000000E7 /* Assets.xcassets in Resources */ = {isa = PBXBuildFile; fileRef = AA00000000000000000000E6 /* Assets.xcassets */; };
		BB0000000000000000000F0B /* PrivacyInfo.xcprivacy in Resources */ = {isa = PBXBuildFile; fileRef = BB0000000000000000000F0C /* PrivacyInfo.xcprivacy */; };
		BB0000000000000000000F0D /* PrivacyInfo.xcprivacy in Resources */ = {isa = PBXBuildFile; fileRef = BB0000000000000000000F0E /* PrivacyInfo.xcprivacy */; };
		AA0000000000000000000117 /* RedeL10n in Frameworks */ = {isa = PBXBuildFile; productRef = AA0000000000000000000107 /* RedeL10n */; };
		BB00000000000000000001A1 /* RedeDomain in Frameworks */ = {isa = PBXBuildFile; productRef = BB00000000000000000001B1 /* RedeDomain */; };
		BB00000000000000000001A2 /* RedeDataHealth in Frameworks */ = {isa = PBXBuildFile; productRef = BB00000000000000000001B2 /* RedeDataHealth */; };
		BB00000000000000000001A3 /* RedePersistence in Frameworks */ = {isa = PBXBuildFile; productRef = BB00000000000000000001B3 /* RedePersistence */; };
		BB00000000000000000001A4 /* RedeTrainingDecision in Frameworks */ = {isa = PBXBuildFile; productRef = BB00000000000000000001B4 /* RedeTrainingDecision */; };
		DD00000000000000000000A1 /* RedeNotifications in Frameworks */ = {isa = PBXBuildFile; productRef = DD00000000000000000000B1 /* RedeNotifications */; };
		DD00000000000000000000A2 /* RedeHealthKit in Frameworks */ = {isa = PBXBuildFile; productRef = DD00000000000000000000B2 /* RedeHealthKit */; };
		FF00000000000000000000A1 /* RedeEntitlements in Frameworks */ = {isa = PBXBuildFile; productRef = FF00000000000000000000B1 /* RedeEntitlements */; };
		FF00000000000000000000D1 /* SubscriptionRuntime.swift in Sources */ = {isa = PBXBuildFile; fileRef = FF00000000000000000000D2 /* SubscriptionRuntime.swift */; };
		F20000000000000000000001 /* WeeklyCoachReviewView.swift in Sources */ = {isa = PBXBuildFile; fileRef = F20000000000000000000002 /* WeeklyCoachReviewView.swift */; };
		FA0000000000000000000003 /* AppUpdateRuntime.swift in Sources */ = {isa = PBXBuildFile; fileRef = FA0000000000000000000004 /* AppUpdateRuntime.swift */; };
		FA0000000000000000000005 /* AppUpdateViews.swift in Sources */ = {isa = PBXBuildFile; fileRef = FA0000000000000000000006 /* AppUpdateViews.swift */; };
		F10000000000000000000001 /* StoreKitEntitlementsTests.swift in Sources */ = {isa = PBXBuildFile; fileRef = F10000000000000000000005 /* StoreKitEntitlementsTests.swift */; };
		FA0000000000000000000001 /* AppUpdateRuntimeTests.swift in Sources */ = {isa = PBXBuildFile; fileRef = FA0000000000000000000002 /* AppUpdateRuntimeTests.swift */; };
		F10000000000000000000002 /* Rede.storekit in Resources */ = {isa = PBXBuildFile; fileRef = F10000000000000000000006 /* Rede.storekit */; };
		F10000000000000000000003 /* RedeEntitlements in Frameworks */ = {isa = PBXBuildFile; productRef = F10000000000000000000011 /* RedeEntitlements */; };
		BB00000000000000000001D1 /* TodayModel.swift in Sources */ = {isa = PBXBuildFile; fileRef = BB00000000000000000001D2 /* TodayModel.swift */; };
		BB0000000000000000000F01 /* PlanCustomizationBridge.swift in Sources */ = {isa = PBXBuildFile; fileRef = BB0000000000000000000F02 /* PlanCustomizationBridge.swift */; };
		BB0000000000000000000F03 /* PlanDayEditorView.swift in Sources */ = {isa = PBXBuildFile; fileRef = BB0000000000000000000F04 /* PlanDayEditorView.swift */; };
		BB0000000000000000000F05 /* PlanDaySequenceEditorView.swift in Sources */ = {isa = PBXBuildFile; fileRef = BB0000000000000000000F06 /* PlanDaySequenceEditorView.swift */; };
		BB0000000000000000000F07 /* ShareCard.swift in Sources */ = {isa = PBXBuildFile; fileRef = BB0000000000000000000F08 /* ShareCard.swift */; };
		BB0000000000000000000F09 /* ShareCardPreviewView.swift in Sources */ = {isa = PBXBuildFile; fileRef = BB0000000000000000000F0A /* ShareCardPreviewView.swift */; };
		BB0000000000000000000F11 /* HealthModel.swift in Sources */ = {isa = PBXBuildFile; fileRef = BB0000000000000000000F12 /* HealthModel.swift */; };
		BB0000000000000000000F23 /* InfoPlist.strings in Resources */ = {isa = PBXBuildFile; fileRef = BB0000000000000000000F20 /* InfoPlist.strings */; };
		BB00000000000000000001E1 /* SessionStore.swift in Sources */ = {isa = PBXBuildFile; fileRef = BB00000000000000000001E2 /* SessionStore.swift */; };
		CA00000000000000000000B1 /* RootTabView.swift in Sources */ = {isa = PBXBuildFile; fileRef = CA00000000000000000000A1 /* RootTabView.swift */; };
		CA00000000000000000000B2 /* TodayTabView.swift in Sources */ = {isa = PBXBuildFile; fileRef = CA00000000000000000000A2 /* TodayTabView.swift */; };
		CA00000000000000000000B3 /* TrainTabView.swift in Sources */ = {isa = PBXBuildFile; fileRef = CA00000000000000000000A3 /* TrainTabView.swift */; };
		CA00000000000000000000B4 /* ProgressTabView.swift in Sources */ = {isa = PBXBuildFile; fileRef = CA00000000000000000000A4 /* ProgressTabView.swift */; };
		CAMD00000000000000000002 /* MuscleDetailSheet.swift in Sources */ = {isa = PBXBuildFile; fileRef = CAMD00000000000000000001 /* MuscleDetailSheet.swift */; };
		CAMH00000000000000000002 /* MuscleHeatmapView.swift in Sources */ = {isa = PBXBuildFile; fileRef = CAMH00000000000000000001 /* MuscleHeatmapView.swift */; };
		CAED00000000000000000002 /* ExerciseDetailSheet.swift in Sources */ = {isa = PBXBuildFile; fileRef = CAED00000000000000000001 /* ExerciseDetailSheet.swift */; };
		CAEB00000000000000000002 /* ExerciseLibraryView.swift in Sources */ = {isa = PBXBuildFile; fileRef = CAEB00000000000000000001 /* ExerciseLibraryView.swift */; };
		CA00000000000000000000B5 /* PlanTabView.swift in Sources */ = {isa = PBXBuildFile; fileRef = CA00000000000000000000A5 /* PlanTabView.swift */; };
		CB00000000000000000000B1 /* RedeTheme.swift in Sources */ = {isa = PBXBuildFile; fileRef = CB00000000000000000000A1 /* RedeTheme.swift */; };
		CB00000000000000000000B2 /* RedeComponents.swift in Sources */ = {isa = PBXBuildFile; fileRef = CB00000000000000000000A2 /* RedeComponents.swift */; };
		CC00000000000000000000B1 /* LocaleStore.swift in Sources */ = {isa = PBXBuildFile; fileRef = CC00000000000000000000A1 /* LocaleStore.swift */; };
		CC00000000000000000000B2 /* SettingsSheet.swift in Sources */ = {isa = PBXBuildFile; fileRef = CC00000000000000000000A2 /* SettingsSheet.swift */; };
		CC00000000000000000001A1 /* ProgressModel.swift in Sources */ = {isa = PBXBuildFile; fileRef = CC00000000000000000001A2 /* ProgressModel.swift */; };
		CC00000000000000000001B1 /* RedeLocalSnapshot in Frameworks */ = {isa = PBXBuildFile; productRef = CC00000000000000000001B2 /* RedeLocalSnapshot */; };
		CC00000000000000000001C1 /* OnboardingView.swift in Sources */ = {isa = PBXBuildFile; fileRef = CC00000000000000000001C2 /* OnboardingView.swift */; };
		EE00000000000000000000A4 /* RedeWidgetBundle.swift in Sources */ = {isa = PBXBuildFile; fileRef = EE00000000000000000000A3 /* RedeWidgetBundle.swift */; };
		EE00000000000000000000A6 /* ReadinessWidget.swift in Sources */ = {isa = PBXBuildFile; fileRef = EE00000000000000000000A5 /* ReadinessWidget.swift */; };
		EE00000000000000000000AA /* RestLiveActivity.swift in Sources */ = {isa = PBXBuildFile; fileRef = EE00000000000000000000A9 /* RestLiveActivity.swift */; };
		CARL00000000000000000002 /* RestLiveActivityController.swift in Sources */ = {isa = PBXBuildFile; fileRef = CARL00000000000000000001 /* RestLiveActivityController.swift */; };
		EE00000000000000000000B3 /* RedeWidgetExtension.appex in Embed Foundation Extensions */ = {isa = PBXBuildFile; fileRef = EE00000000000000000000B2 /* RedeWidgetExtension.appex */; settings = {ATTRIBUTES = (RemoveHeadersOnCopy, ); }; };
		EE00000000000000000000D2 /* RedeWidgetShared in Frameworks */ = {isa = PBXBuildFile; productRef = EE00000000000000000000D1 /* RedeWidgetShared */; };
		EE00000000000000000000D4 /* RedeWidgetShared in Frameworks */ = {isa = PBXBuildFile; productRef = EE00000000000000000000D3 /* RedeWidgetShared */; };
/* End PBXBuildFile section */

/* Begin PBXContainerItemProxy section */
		F1000000000000000000000C /* PBXContainerItemProxy */ = {
			isa = PBXContainerItemProxy;
			containerPortal = AA00000000000000000000A1 /* Project object */;
			proxyType = 1;
			remoteGlobalIDString = AA00000000000000000000B1;
			remoteInfo = Rede;
		};
		EE00000000000000000000E2 /* PBXContainerItemProxy */ = {
			isa = PBXContainerItemProxy;
			containerPortal = AA00000000000000000000A1 /* Project object */;
			proxyType = 1;
			remoteGlobalIDString = EE00000000000000000000B1;
			remoteInfo = RedeWidgetExtension;
		};
/* End PBXContainerItemProxy section */

/* Begin PBXCopyFilesBuildPhase section */
		EE00000000000000000000D8 /* Embed Foundation Extensions */ = {
			isa = PBXCopyFilesBuildPhase;
			buildActionMask = 2147483647;
			dstPath = "";
			dstSubfolderSpec = 13;
			files = (
				EE00000000000000000000B3 /* RedeWidgetExtension.appex in Embed Foundation Extensions */,
			);
			name = "Embed Foundation Extensions";
			runOnlyForDeploymentPostprocessing = 0;
		};
/* End PBXCopyFilesBuildPhase section */

/* Begin PBXFileReference section */
		AA00000000000000000000B2 /* Rede.app */ = {isa = PBXFileReference; explicitFileType = wrapper.application; includeInIndex = 0; path = Rede.app; sourceTree = BUILT_PRODUCTS_DIR; };
		F10000000000000000000004 /* RedeTests.xctest */ = {isa = PBXFileReference; explicitFileType = wrapper.cfbundle; includeInIndex = 0; path = RedeTests.xctest; sourceTree = BUILT_PRODUCTS_DIR; };
		F10000000000000000000005 /* StoreKitEntitlementsTests.swift */ = {isa = PBXFileReference; lastKnownFileType = sourcecode.swift; path = StoreKitEntitlementsTests.swift; sourceTree = "<group>"; };
		FA0000000000000000000002 /* AppUpdateRuntimeTests.swift */ = {isa = PBXFileReference; lastKnownFileType = sourcecode.swift; path = AppUpdateRuntimeTests.swift; sourceTree = "<group>"; };
		F10000000000000000000006 /* Rede.storekit */ = {isa = PBXFileReference; lastKnownFileType = text; path = packages/RedeEntitlements/Tests/RedeEntitlementsTests/Resources/Rede.storekit; sourceTree = SOURCE_ROOT; };
		AA00000000000000000000E1 /* RedeApp.swift */ = {isa = PBXFileReference; lastKnownFileType = sourcecode.swift; path = RedeApp.swift; sourceTree = "<group>"; };
		AA00000000000000000000E5 /* Info.plist */ = {isa = PBXFileReference; lastKnownFileType = text.plist.xml; path = Info.plist; sourceTree = "<group>"; };
		AA00000000000000000000E6 /* Assets.xcassets */ = {isa = PBXFileReference; lastKnownFileType = folder.assetcatalog; path = Assets.xcassets; sourceTree = "<group>"; };
		BB0000000000000000000F0C /* PrivacyInfo.xcprivacy */ = {isa = PBXFileReference; lastKnownFileType = text.plist.xml; path = PrivacyInfo.xcprivacy; sourceTree = "<group>"; };
		BB0000000000000000000F0E /* PrivacyInfo.xcprivacy */ = {isa = PBXFileReference; lastKnownFileType = text.plist.xml; path = PrivacyInfo.xcprivacy; sourceTree = "<group>"; };
		B500000000000000000000F5 /* Rede.entitlements */ = {isa = PBXFileReference; lastKnownFileType = text.plist.entitlements; path = Rede.entitlements; sourceTree = "<group>"; };
		BB00000000000000000001D2 /* TodayModel.swift */ = {isa = PBXFileReference; lastKnownFileType = sourcecode.swift; path = TodayModel.swift; sourceTree = "<group>"; };
		BB0000000000000000000F02 /* PlanCustomizationBridge.swift */ = {isa = PBXFileReference; lastKnownFileType = sourcecode.swift; path = PlanCustomizationBridge.swift; sourceTree = "<group>"; };
		BB0000000000000000000F04 /* PlanDayEditorView.swift */ = {isa = PBXFileReference; lastKnownFileType = sourcecode.swift; path = PlanDayEditorView.swift; sourceTree = "<group>"; };
		BB0000000000000000000F06 /* PlanDaySequenceEditorView.swift */ = {isa = PBXFileReference; lastKnownFileType = sourcecode.swift; path = PlanDaySequenceEditorView.swift; sourceTree = "<group>"; };
		BB0000000000000000000F08 /* ShareCard.swift */ = {isa = PBXFileReference; lastKnownFileType = sourcecode.swift; path = ShareCard.swift; sourceTree = "<group>"; };
		BB0000000000000000000F0A /* ShareCardPreviewView.swift */ = {isa = PBXFileReference; lastKnownFileType = sourcecode.swift; path = ShareCardPreviewView.swift; sourceTree = "<group>"; };
		BB0000000000000000000F12 /* HealthModel.swift */ = {isa = PBXFileReference; lastKnownFileType = sourcecode.swift; path = HealthModel.swift; sourceTree = "<group>"; };
		FF00000000000000000000D2 /* SubscriptionRuntime.swift */ = {isa = PBXFileReference; lastKnownFileType = sourcecode.swift; path = SubscriptionRuntime.swift; sourceTree = "<group>"; };
		F20000000000000000000002 /* WeeklyCoachReviewView.swift */ = {isa = PBXFileReference; lastKnownFileType = sourcecode.swift; path = WeeklyCoachReviewView.swift; sourceTree = "<group>"; };
		FA0000000000000000000004 /* AppUpdateRuntime.swift */ = {isa = PBXFileReference; lastKnownFileType = sourcecode.swift; path = AppUpdateRuntime.swift; sourceTree = "<group>"; };
		FA0000000000000000000006 /* AppUpdateViews.swift */ = {isa = PBXFileReference; lastKnownFileType = sourcecode.swift; path = AppUpdateViews.swift; sourceTree = "<group>"; };
		BB0000000000000000000F21 /* en */ = {isa = PBXFileReference; lastKnownFileType = text.plist.strings; name = en; path = en.lproj/InfoPlist.strings; sourceTree = "<group>"; };
		BB0000000000000000000F22 /* zh-Hans */ = {isa = PBXFileReference; lastKnownFileType = text.plist.strings; name = "zh-Hans"; path = "zh-Hans.lproj/InfoPlist.strings"; sourceTree = "<group>"; };
		BB00000000000000000001E2 /* SessionStore.swift */ = {isa = PBXFileReference; lastKnownFileType = sourcecode.swift; path = SessionStore.swift; sourceTree = "<group>"; };
		CA00000000000000000000A1 /* RootTabView.swift */ = {isa = PBXFileReference; lastKnownFileType = sourcecode.swift; path = RootTabView.swift; sourceTree = "<group>"; };
		CA00000000000000000000A2 /* TodayTabView.swift */ = {isa = PBXFileReference; lastKnownFileType = sourcecode.swift; path = TodayTabView.swift; sourceTree = "<group>"; };
		CA00000000000000000000A3 /* TrainTabView.swift */ = {isa = PBXFileReference; lastKnownFileType = sourcecode.swift; path = TrainTabView.swift; sourceTree = "<group>"; };
		CA00000000000000000000A4 /* ProgressTabView.swift */ = {isa = PBXFileReference; lastKnownFileType = sourcecode.swift; path = ProgressTabView.swift; sourceTree = "<group>"; };
		CAMD00000000000000000001 /* MuscleDetailSheet.swift */ = {isa = PBXFileReference; lastKnownFileType = sourcecode.swift; path = MuscleDetailSheet.swift; sourceTree = "<group>"; };
		CAMH00000000000000000001 /* MuscleHeatmapView.swift */ = {isa = PBXFileReference; lastKnownFileType = sourcecode.swift; path = MuscleHeatmapView.swift; sourceTree = "<group>"; };
		CAED00000000000000000001 /* ExerciseDetailSheet.swift */ = {isa = PBXFileReference; lastKnownFileType = sourcecode.swift; path = ExerciseDetailSheet.swift; sourceTree = "<group>"; };
		CAEB00000000000000000001 /* ExerciseLibraryView.swift */ = {isa = PBXFileReference; lastKnownFileType = sourcecode.swift; path = ExerciseLibraryView.swift; sourceTree = "<group>"; };
		CA00000000000000000000A5 /* PlanTabView.swift */ = {isa = PBXFileReference; lastKnownFileType = sourcecode.swift; path = PlanTabView.swift; sourceTree = "<group>"; };
		CB00000000000000000000A1 /* RedeTheme.swift */ = {isa = PBXFileReference; lastKnownFileType = sourcecode.swift; path = RedeTheme.swift; sourceTree = "<group>"; };
		CB00000000000000000000A2 /* RedeComponents.swift */ = {isa = PBXFileReference; lastKnownFileType = sourcecode.swift; path = RedeComponents.swift; sourceTree = "<group>"; };
		CC00000000000000000000A1 /* LocaleStore.swift */ = {isa = PBXFileReference; lastKnownFileType = sourcecode.swift; path = LocaleStore.swift; sourceTree = "<group>"; };
		CC00000000000000000000A2 /* SettingsSheet.swift */ = {isa = PBXFileReference; lastKnownFileType = sourcecode.swift; path = SettingsSheet.swift; sourceTree = "<group>"; };
		CC00000000000000000001A2 /* ProgressModel.swift */ = {isa = PBXFileReference; lastKnownFileType = sourcecode.swift; path = ProgressModel.swift; sourceTree = "<group>"; };
		CC00000000000000000001C2 /* OnboardingView.swift */ = {isa = PBXFileReference; lastKnownFileType = sourcecode.swift; path = OnboardingView.swift; sourceTree = "<group>"; };
		EE00000000000000000000A3 /* RedeWidgetBundle.swift */ = {isa = PBXFileReference; lastKnownFileType = sourcecode.swift; path = RedeWidgetBundle.swift; sourceTree = "<group>"; };
		EE00000000000000000000A5 /* ReadinessWidget.swift */ = {isa = PBXFileReference; lastKnownFileType = sourcecode.swift; path = ReadinessWidget.swift; sourceTree = "<group>"; };
		EE00000000000000000000A9 /* RestLiveActivity.swift */ = {isa = PBXFileReference; lastKnownFileType = sourcecode.swift; path = RestLiveActivity.swift; sourceTree = "<group>"; };
		CARL00000000000000000001 /* RestLiveActivityController.swift */ = {isa = PBXFileReference; lastKnownFileType = sourcecode.swift; path = RestLiveActivityController.swift; sourceTree = "<group>"; };
		EE00000000000000000000A7 /* Info.plist */ = {isa = PBXFileReference; lastKnownFileType = text.plist.xml; path = Info.plist; sourceTree = "<group>"; };
		EE00000000000000000000A8 /* RedeWidget.entitlements */ = {isa = PBXFileReference; lastKnownFileType = text.plist.entitlements; path = RedeWidget.entitlements; sourceTree = "<group>"; };
		EE00000000000000000000B2 /* RedeWidgetExtension.appex */ = {isa = PBXFileReference; explicitFileType = "wrapper.app-extension"; includeInIndex = 0; path = RedeWidgetExtension.appex; sourceTree = BUILT_PRODUCTS_DIR; };
/* End PBXFileReference section */

/* Begin PBXFrameworksBuildPhase section */
		AA00000000000000000000D2 /* Frameworks */ = {
			isa = PBXFrameworksBuildPhase;
			buildActionMask = 2147483647;
			files = (
				AA0000000000000000000117 /* RedeL10n in Frameworks */,
				BB00000000000000000001A1 /* RedeDomain in Frameworks */,
				BB00000000000000000001A2 /* RedeDataHealth in Frameworks */,
				BB00000000000000000001A3 /* RedePersistence in Frameworks */,
				BB00000000000000000001A4 /* RedeTrainingDecision in Frameworks */,
				CC00000000000000000001B1 /* RedeLocalSnapshot in Frameworks */,
				DD00000000000000000000A1 /* RedeNotifications in Frameworks */,
				DD00000000000000000000A2 /* RedeHealthKit in Frameworks */,
				FF00000000000000000000A1 /* RedeEntitlements in Frameworks */,
				EE00000000000000000000D2 /* RedeWidgetShared in Frameworks */,
			);
			runOnlyForDeploymentPostprocessing = 0;
		};
		EE00000000000000000000D6 /* Frameworks */ = {
			isa = PBXFrameworksBuildPhase;
			buildActionMask = 2147483647;
			files = (
				EE00000000000000000000D4 /* RedeWidgetShared in Frameworks */,
			);
			runOnlyForDeploymentPostprocessing = 0;
		};
		F1000000000000000000000A /* Frameworks */ = {
			isa = PBXFrameworksBuildPhase;
			buildActionMask = 2147483647;
			files = (
				F10000000000000000000003 /* RedeEntitlements in Frameworks */,
			);
			runOnlyForDeploymentPostprocessing = 0;
		};
/* End PBXFrameworksBuildPhase section */

/* Begin PBXGroup section */
		AA00000000000000000000A2 = {
			isa = PBXGroup;
			children = (
				AA00000000000000000000A4 /* Rede */,
				F10000000000000000000007 /* RedeTests */,
				EE00000000000000000000B4 /* RedeWidget */,
				AA00000000000000000000A3 /* Products */,
			);
			sourceTree = "<group>";
		};
		AA00000000000000000000A3 /* Products */ = {
			isa = PBXGroup;
			children = (
				AA00000000000000000000B2 /* Rede.app */,
				F10000000000000000000004 /* RedeTests.xctest */,
				EE00000000000000000000B2 /* RedeWidgetExtension.appex */,
			);
			name = Products;
			sourceTree = "<group>";
		};
		AA00000000000000000000A4 /* Rede */ = {
			isa = PBXGroup;
			children = (
				AA00000000000000000000E1 /* RedeApp.swift */,
				CC00000000000000000000A1 /* LocaleStore.swift */,
				CC00000000000000000000A2 /* SettingsSheet.swift */,
				CB00000000000000000000A1 /* RedeTheme.swift */,
				CB00000000000000000000A2 /* RedeComponents.swift */,
				CA00000000000000000000A1 /* RootTabView.swift */,
				CA00000000000000000000A2 /* TodayTabView.swift */,
				BB00000000000000000001D2 /* TodayModel.swift */,
				BB0000000000000000000F02 /* PlanCustomizationBridge.swift */,
				BB0000000000000000000F04 /* PlanDayEditorView.swift */,
				BB0000000000000000000F06 /* PlanDaySequenceEditorView.swift */,
				BB0000000000000000000F08 /* ShareCard.swift */,
				BB0000000000000000000F0A /* ShareCardPreviewView.swift */,
				BB0000000000000000000F12 /* HealthModel.swift */,
				FF00000000000000000000D2 /* SubscriptionRuntime.swift */,
				F20000000000000000000002 /* WeeklyCoachReviewView.swift */,
				FA0000000000000000000004 /* AppUpdateRuntime.swift */,
				FA0000000000000000000006 /* AppUpdateViews.swift */,
				BB00000000000000000001E2 /* SessionStore.swift */,
				CC00000000000000000001A2 /* ProgressModel.swift */,
				CC00000000000000000001C2 /* OnboardingView.swift */,
				CA00000000000000000000A3 /* TrainTabView.swift */,
				CA00000000000000000000A4 /* ProgressTabView.swift */,
				CAMD00000000000000000001 /* MuscleDetailSheet.swift */,
				CAMH00000000000000000001 /* MuscleHeatmapView.swift */,
				CAED00000000000000000001 /* ExerciseDetailSheet.swift */,
				CAEB00000000000000000001 /* ExerciseLibraryView.swift */,
				CARL00000000000000000001 /* RestLiveActivityController.swift */,
				CA00000000000000000000A5 /* PlanTabView.swift */,
				AA00000000000000000000E6 /* Assets.xcassets */,
				AA00000000000000000000E5 /* Info.plist */,
				B500000000000000000000F5 /* Rede.entitlements */,
				BB0000000000000000000F0C /* PrivacyInfo.xcprivacy */,
				BB0000000000000000000F20 /* InfoPlist.strings */,
			);
			path = Rede;
			sourceTree = "<group>";
		};
		F10000000000000000000007 /* RedeTests */ = {
			isa = PBXGroup;
			children = (
				F10000000000000000000005 /* StoreKitEntitlementsTests.swift */,
				FA0000000000000000000002 /* AppUpdateRuntimeTests.swift */,
				F10000000000000000000006 /* Rede.storekit */,
			);
			path = RedeTests;
			sourceTree = "<group>";
		};
		EE00000000000000000000B4 /* RedeWidget */ = {
			isa = PBXGroup;
			children = (
				EE00000000000000000000A3 /* RedeWidgetBundle.swift */,
				EE00000000000000000000A5 /* ReadinessWidget.swift */,
				EE00000000000000000000A9 /* RestLiveActivity.swift */,
				EE00000000000000000000A7 /* Info.plist */,
				EE00000000000000000000A8 /* RedeWidget.entitlements */,
				BB0000000000000000000F0E /* PrivacyInfo.xcprivacy */,
			);
			path = RedeWidget;
			sourceTree = "<group>";
		};
/* End PBXGroup section */

/* Begin PBXNativeTarget section */
		AA00000000000000000000B1 /* Rede */ = {
			isa = PBXNativeTarget;
			buildConfigurationList = AA00000000000000000000C2 /* Build configuration list for PBXNativeTarget "Rede" */;
			buildPhases = (
				AA00000000000000000000D1 /* Sources */,
				AA00000000000000000000D2 /* Frameworks */,
				AA00000000000000000000D3 /* Resources */,
				EE00000000000000000000D8 /* Embed Foundation Extensions */,
			);
			buildRules = (
			);
			dependencies = (
				EE00000000000000000000E1 /* PBXTargetDependency */,
			);
			name = Rede;
			packageProductDependencies = (
				AA0000000000000000000107 /* RedeL10n */,
				BB00000000000000000001B1 /* RedeDomain */,
				BB00000000000000000001B2 /* RedeDataHealth */,
				BB00000000000000000001B3 /* RedePersistence */,
				BB00000000000000000001B4 /* RedeTrainingDecision */,
				CC00000000000000000001B2 /* RedeLocalSnapshot */,
				DD00000000000000000000B1 /* RedeNotifications */,
				DD00000000000000000000B2 /* RedeHealthKit */,
				FF00000000000000000000B1 /* RedeEntitlements */,
				EE00000000000000000000D1 /* RedeWidgetShared */,
			);
			productName = Rede;
			productReference = AA00000000000000000000B2 /* Rede.app */;
			productType = "com.apple.product-type.application";
		};
		F10000000000000000000008 /* RedeTests */ = {
			isa = PBXNativeTarget;
			buildConfigurationList = F1000000000000000000000E /* Build configuration list for PBXNativeTarget "RedeTests" */;
			buildPhases = (
				F10000000000000000000009 /* Sources */,
				F1000000000000000000000A /* Frameworks */,
				F1000000000000000000000B /* Resources */,
			);
			buildRules = (
			);
			dependencies = (
				F1000000000000000000000D /* PBXTargetDependency */,
			);
			name = RedeTests;
			packageProductDependencies = (
				F10000000000000000000011 /* RedeEntitlements */,
			);
			productName = RedeTests;
			productReference = F10000000000000000000004 /* RedeTests.xctest */;
			productType = "com.apple.product-type.bundle.unit-test";
		};
		EE00000000000000000000B1 /* RedeWidgetExtension */ = {
			isa = PBXNativeTarget;
			buildConfigurationList = EE00000000000000000000C2 /* Build configuration list for PBXNativeTarget "RedeWidgetExtension" */;
			buildPhases = (
				EE00000000000000000000D5 /* Sources */,
				EE00000000000000000000D6 /* Frameworks */,
				EE00000000000000000000D7 /* Resources */,
			);
			buildRules = (
			);
			dependencies = (
			);
			name = RedeWidgetExtension;
			packageProductDependencies = (
				EE00000000000000000000D3 /* RedeWidgetShared */,
			);
			productName = RedeWidgetExtension;
			productReference = EE00000000000000000000B2 /* RedeWidgetExtension.appex */;
			productType = "com.apple.product-type.app-extension";
		};
/* End PBXNativeTarget section */

/* Begin PBXProject section */
		AA00000000000000000000A1 /* Project object */ = {
			isa = PBXProject;
			attributes = {
				BuildIndependentTargetsInParallel = YES;
				LastSwiftUpdateCheck = 1540;
				LastUpgradeCheck = 2660;
				TargetAttributes = {
					AA00000000000000000000B1 = {
						CreatedOnToolsVersion = 15.4;
					};
					F10000000000000000000008 = {
						CreatedOnToolsVersion = 26.5;
						TestTargetID = AA00000000000000000000B1;
					};
				};
			};
			buildConfigurationList = AA00000000000000000000C1 /* Build configuration list for PBXProject "Rede" */;
			compatibilityVersion = "Xcode 14.0";
			developmentRegion = en;
			hasScannedForEncodings = 0;
			knownRegions = (
				en,
				Base,
				"zh-Hans",
			);
			mainGroup = AA00000000000000000000A2;
			packageReferences = (
				AA00000000000000000000F7 /* XCLocalSwiftPackageReference "packages/RedeL10n" */,
				BB00000000000000000001C1 /* XCLocalSwiftPackageReference "packages/RedeDomain" */,
				BB00000000000000000001C2 /* XCLocalSwiftPackageReference "packages/RedeDataHealth" */,
				BB00000000000000000001C3 /* XCLocalSwiftPackageReference "packages/RedePersistence" */,
				BB00000000000000000001C4 /* XCLocalSwiftPackageReference "packages/RedeTrainingDecision" */,
				CC00000000000000000001B3 /* XCLocalSwiftPackageReference "packages/RedeLocalSnapshot" */,
				DD00000000000000000000C1 /* XCLocalSwiftPackageReference "packages/RedeNotifications" */,
				DD00000000000000000000C2 /* XCLocalSwiftPackageReference "packages/RedeHealthKit" */,
				FF00000000000000000000C1 /* XCLocalSwiftPackageReference "packages/RedeEntitlements" */,
				EE00000000000000000000F1 /* XCLocalSwiftPackageReference "packages/RedeWidgetShared" */,
			);
			productRefGroup = AA00000000000000000000A3 /* Products */;
			projectDirPath = "";
			projectRoot = "";
			targets = (
				AA00000000000000000000B1 /* Rede */,
				F10000000000000000000008 /* RedeTests */,
				EE00000000000000000000B1 /* RedeWidgetExtension */,
			);
		};
/* End PBXProject section */

/* Begin PBXResourcesBuildPhase section */
		AA00000000000000000000D3 /* Resources */ = {
			isa = PBXResourcesBuildPhase;
			buildActionMask = 2147483647;
			files = (
				AA00000000000000000000E7 /* Assets.xcassets in Resources */,
				BB0000000000000000000F0B /* PrivacyInfo.xcprivacy in Resources */,
				BB0000000000000000000F23 /* InfoPlist.strings in Resources */,
			);
			runOnlyForDeploymentPostprocessing = 0;
		};
		EE00000000000000000000D7 /* Resources */ = {
			isa = PBXResourcesBuildPhase;
			buildActionMask = 2147483647;
			files = (
				BB0000000000000000000F0D /* PrivacyInfo.xcprivacy in Resources */,
			);
			runOnlyForDeploymentPostprocessing = 0;
		};
		F1000000000000000000000B /* Resources */ = {
			isa = PBXResourcesBuildPhase;
			buildActionMask = 2147483647;
			files = (
				F10000000000000000000002 /* Rede.storekit in Resources */,
			);
			runOnlyForDeploymentPostprocessing = 0;
		};
/* End PBXResourcesBuildPhase section */

/* Begin PBXSourcesBuildPhase section */
		AA00000000000000000000D1 /* Sources */ = {
			isa = PBXSourcesBuildPhase;
			buildActionMask = 2147483647;
			files = (
				AA00000000000000000000E2 /* RedeApp.swift in Sources */,
				CC00000000000000000000B1 /* LocaleStore.swift in Sources */,
				CC00000000000000000000B2 /* SettingsSheet.swift in Sources */,
				CB00000000000000000000B1 /* RedeTheme.swift in Sources */,
				CB00000000000000000000B2 /* RedeComponents.swift in Sources */,
				CA00000000000000000000B1 /* RootTabView.swift in Sources */,
				CA00000000000000000000B2 /* TodayTabView.swift in Sources */,
				BB00000000000000000001D1 /* TodayModel.swift in Sources */,
				BB0000000000000000000F01 /* PlanCustomizationBridge.swift in Sources */,
				BB0000000000000000000F03 /* PlanDayEditorView.swift in Sources */,
				BB0000000000000000000F05 /* PlanDaySequenceEditorView.swift in Sources */,
				BB0000000000000000000F07 /* ShareCard.swift in Sources */,
				BB0000000000000000000F09 /* ShareCardPreviewView.swift in Sources */,
				BB0000000000000000000F11 /* HealthModel.swift in Sources */,
				FF00000000000000000000D1 /* SubscriptionRuntime.swift in Sources */,
				F20000000000000000000001 /* WeeklyCoachReviewView.swift in Sources */,
				FA0000000000000000000003 /* AppUpdateRuntime.swift in Sources */,
				FA0000000000000000000005 /* AppUpdateViews.swift in Sources */,
				BB00000000000000000001E1 /* SessionStore.swift in Sources */,
				CC00000000000000000001A1 /* ProgressModel.swift in Sources */,
				CC00000000000000000001C1 /* OnboardingView.swift in Sources */,
				CA00000000000000000000B3 /* TrainTabView.swift in Sources */,
				CA00000000000000000000B4 /* ProgressTabView.swift in Sources */,
				CAMD00000000000000000002 /* MuscleDetailSheet.swift in Sources */,
				CAMH00000000000000000002 /* MuscleHeatmapView.swift in Sources */,
				CAED00000000000000000002 /* ExerciseDetailSheet.swift in Sources */,
				CAEB00000000000000000002 /* ExerciseLibraryView.swift in Sources */,
				CARL00000000000000000002 /* RestLiveActivityController.swift in Sources */,
				CA00000000000000000000B5 /* PlanTabView.swift in Sources */,
			);
			runOnlyForDeploymentPostprocessing = 0;
		};
		EE00000000000000000000D5 /* Sources */ = {
			isa = PBXSourcesBuildPhase;
			buildActionMask = 2147483647;
			files = (
				EE00000000000000000000A4 /* RedeWidgetBundle.swift in Sources */,
				EE00000000000000000000A6 /* ReadinessWidget.swift in Sources */,
				EE00000000000000000000AA /* RestLiveActivity.swift in Sources */,
			);
			runOnlyForDeploymentPostprocessing = 0;
		};
		F10000000000000000000009 /* Sources */ = {
			isa = PBXSourcesBuildPhase;
			buildActionMask = 2147483647;
			files = (
				F10000000000000000000001 /* StoreKitEntitlementsTests.swift in Sources */,
				FA0000000000000000000001 /* AppUpdateRuntimeTests.swift in Sources */,
			);
			runOnlyForDeploymentPostprocessing = 0;
		};
/* End PBXSourcesBuildPhase section */

/* Begin PBXTargetDependency section */
		F1000000000000000000000D /* PBXTargetDependency */ = {
			isa = PBXTargetDependency;
			target = AA00000000000000000000B1 /* Rede */;
			targetProxy = F1000000000000000000000C /* PBXContainerItemProxy */;
		};
		EE00000000000000000000E1 /* PBXTargetDependency */ = {
			isa = PBXTargetDependency;
			target = EE00000000000000000000B1 /* RedeWidgetExtension */;
			targetProxy = EE00000000000000000000E2 /* PBXContainerItemProxy */;
		};
/* End PBXTargetDependency section */

/* Begin PBXVariantGroup section */
		BB0000000000000000000F20 /* InfoPlist.strings */ = {
			isa = PBXVariantGroup;
			children = (
				BB0000000000000000000F21 /* en */,
				BB0000000000000000000F22 /* zh-Hans */,
			);
			name = InfoPlist.strings;
			sourceTree = "<group>";
		};
/* End PBXVariantGroup section */

/* Begin XCBuildConfiguration section */
		AA00000000000000000000C3 /* Debug */ = {
			isa = XCBuildConfiguration;
			buildSettings = {
				ALWAYS_SEARCH_USER_PATHS = NO;
				ASSETCATALOG_COMPILER_GENERATE_SWIFT_ASSET_SYMBOL_EXTENSIONS = YES;
				CLANG_ANALYZER_NONNULL = YES;
				CLANG_ANALYZER_NUMBER_OBJECT_CONVERSION = YES_AGGRESSIVE;
				CLANG_CXX_LANGUAGE_STANDARD = "gnu++20";
				CLANG_ENABLE_MODULES = YES;
				CLANG_ENABLE_OBJC_ARC = YES;
				CLANG_ENABLE_OBJC_WEAK = YES;
				CLANG_WARN_BLOCK_CAPTURE_AUTORELEASING = YES;
				CLANG_WARN_BOOL_CONVERSION = YES;
				CLANG_WARN_COMMA = YES;
				CLANG_WARN_CONSTANT_CONVERSION = YES;
				CLANG_WARN_DEPRECATED_OBJC_IMPLEMENTATIONS = YES;
				CLANG_WARN_DIRECT_OBJC_ISA_USAGE = YES_ERROR;
				CLANG_WARN_DOCUMENTATION_COMMENTS = YES;
				CLANG_WARN_EMPTY_BODY = YES;
				CLANG_WARN_ENUM_CONVERSION = YES;
				CLANG_WARN_INFINITE_RECURSION = YES;
				CLANG_WARN_INT_CONVERSION = YES;
				CLANG_WARN_NON_LITERAL_NULL_CONVERSION = YES;
				CLANG_WARN_OBJC_IMPLICIT_RETAIN_SELF = YES;
				CLANG_WARN_OBJC_LITERAL_CONVERSION = YES;
				CLANG_WARN_OBJC_ROOT_CLASS = YES_ERROR;
				CLANG_WARN_QUOTED_INCLUDE_IN_FRAMEWORK_HEADER = YES;
				CLANG_WARN_RANGE_LOOP_ANALYSIS = YES;
				CLANG_WARN_STRICT_PROTOTYPES = YES;
				CLANG_WARN_SUSPICIOUS_MOVE = YES;
				CLANG_WARN_UNGUARDED_AVAILABILITY = YES_AGGRESSIVE;
				CLANG_WARN_UNREACHABLE_CODE = YES;
				CLANG_WARN__DUPLICATE_METHOD_MATCH = YES;
				COPY_PHASE_STRIP = NO;
				DEBUG_INFORMATION_FORMAT = dwarf;
				DEVELOPMENT_TEAM = 47K95GV3X5;
				ENABLE_STRICT_OBJC_MSGSEND = YES;
				ENABLE_TESTABILITY = YES;
				ENABLE_USER_SCRIPT_SANDBOXING = YES;
				GCC_C_LANGUAGE_STANDARD = gnu17;
				GCC_DYNAMIC_NO_PIC = NO;
				GCC_NO_COMMON_BLOCKS = YES;
				GCC_OPTIMIZATION_LEVEL = 0;
				GCC_PREPROCESSOR_DEFINITIONS = (
					"DEBUG=1",
					"$(inherited)",
				);
				GCC_WARN_64_TO_32_BIT_CONVERSION = YES;
				GCC_WARN_ABOUT_RETURN_TYPE = YES_ERROR;
				GCC_WARN_UNDECLARED_SELECTOR = YES;
				GCC_WARN_UNINITIALIZED_AUTOS = YES_AGGRESSIVE;
				GCC_WARN_UNUSED_FUNCTION = YES;
				GCC_WARN_UNUSED_VARIABLE = YES;
				IPHONEOS_DEPLOYMENT_TARGET = 17.0;
				LOCALIZATION_PREFERS_STRING_CATALOGS = YES;
				MTL_ENABLE_DEBUG_INFO = INCLUDE_SOURCE;
				MTL_FAST_MATH = YES;
				ONLY_ACTIVE_ARCH = YES;
				SDKROOT = iphoneos;
				STRING_CATALOG_GENERATE_SYMBOLS = YES;
				SWIFT_ACTIVE_COMPILATION_CONDITIONS = "DEBUG $(inherited)";
				SWIFT_OPTIMIZATION_LEVEL = "-Onone";
			};
			name = Debug;
		};
		AA00000000000000000000C4 /* Release */ = {
			isa = XCBuildConfiguration;
			buildSettings = {
				ALWAYS_SEARCH_USER_PATHS = NO;
				ASSETCATALOG_COMPILER_GENERATE_SWIFT_ASSET_SYMBOL_EXTENSIONS = YES;
				CLANG_ANALYZER_NONNULL = YES;
				CLANG_ANALYZER_NUMBER_OBJECT_CONVERSION = YES_AGGRESSIVE;
				CLANG_CXX_LANGUAGE_STANDARD = "gnu++20";
				CLANG_ENABLE_MODULES = YES;
				CLANG_ENABLE_OBJC_ARC = YES;
				CLANG_ENABLE_OBJC_WEAK = YES;
				CLANG_WARN_BLOCK_CAPTURE_AUTORELEASING = YES;
				CLANG_WARN_BOOL_CONVERSION = YES;
				CLANG_WARN_COMMA = YES;
				CLANG_WARN_CONSTANT_CONVERSION = YES;
				CLANG_WARN_DEPRECATED_OBJC_IMPLEMENTATIONS = YES;
				CLANG_WARN_DIRECT_OBJC_ISA_USAGE = YES_ERROR;
				CLANG_WARN_DOCUMENTATION_COMMENTS = YES;
				CLANG_WARN_EMPTY_BODY = YES;
				CLANG_WARN_ENUM_CONVERSION = YES;
				CLANG_WARN_INFINITE_RECURSION = YES;
				CLANG_WARN_INT_CONVERSION = YES;
				CLANG_WARN_NON_LITERAL_NULL_CONVERSION = YES;
				CLANG_WARN_OBJC_IMPLICIT_RETAIN_SELF = YES;
				CLANG_WARN_OBJC_LITERAL_CONVERSION = YES;
				CLANG_WARN_OBJC_ROOT_CLASS = YES_ERROR;
				CLANG_WARN_QUOTED_INCLUDE_IN_FRAMEWORK_HEADER = YES;
				CLANG_WARN_RANGE_LOOP_ANALYSIS = YES;
				CLANG_WARN_STRICT_PROTOTYPES = YES;
				CLANG_WARN_SUSPICIOUS_MOVE = YES;
				CLANG_WARN_UNGUARDED_AVAILABILITY = YES_AGGRESSIVE;
				CLANG_WARN_UNREACHABLE_CODE = YES;
				CLANG_WARN__DUPLICATE_METHOD_MATCH = YES;
				COPY_PHASE_STRIP = NO;
				DEBUG_INFORMATION_FORMAT = "dwarf-with-dsym";
				DEVELOPMENT_TEAM = 47K95GV3X5;
				ENABLE_NS_ASSERTIONS = NO;
				ENABLE_STRICT_OBJC_MSGSEND = YES;
				ENABLE_USER_SCRIPT_SANDBOXING = YES;
				GCC_C_LANGUAGE_STANDARD = gnu17;
				GCC_NO_COMMON_BLOCKS = YES;
				GCC_WARN_64_TO_32_BIT_CONVERSION = YES;
				GCC_WARN_ABOUT_RETURN_TYPE = YES_ERROR;
				GCC_WARN_UNDECLARED_SELECTOR = YES;
				GCC_WARN_UNINITIALIZED_AUTOS = YES_AGGRESSIVE;
				GCC_WARN_UNUSED_FUNCTION = YES;
				GCC_WARN_UNUSED_VARIABLE = YES;
				IPHONEOS_DEPLOYMENT_TARGET = 17.0;
				LOCALIZATION_PREFERS_STRING_CATALOGS = YES;
				MTL_ENABLE_DEBUG_INFO = NO;
				MTL_FAST_MATH = YES;
				SDKROOT = iphoneos;
				STRING_CATALOG_GENERATE_SYMBOLS = YES;
				SWIFT_COMPILATION_MODE = wholemodule;
				VALIDATE_PRODUCT = YES;
			};
			name = Release;
		};
		AA00000000000000000000C5 /* Debug */ = {
			isa = XCBuildConfiguration;
			buildSettings = {
				ASSETCATALOG_COMPILER_APPICON_NAME = AppIcon;
				ASSETCATALOG_COMPILER_GLOBAL_ACCENT_COLOR_NAME = AccentColor;
				CODE_SIGN_ENTITLEMENTS = Rede/Rede.entitlements;
				CODE_SIGN_STYLE = Automatic;
				CURRENT_PROJECT_VERSION = 25;
				DEVELOPMENT_TEAM = 47K95GV3X5;
				ENABLE_PREVIEWS = YES;
				GENERATE_INFOPLIST_FILE = NO;
				INFOPLIST_FILE = Rede/Info.plist;
				INFOPLIST_KEY_UIApplicationSceneManifest_Generation = NO;
				INFOPLIST_KEY_UILaunchScreen_Generation = NO;
				IPHONEOS_DEPLOYMENT_TARGET = 17.0;
				LD_RUNPATH_SEARCH_PATHS = (
					"$(inherited)",
					"@executable_path/Frameworks",
				);
				MARKETING_VERSION = 1.8;
				PRODUCT_BUNDLE_IDENTIFIER = com.tinsab.rede;
				PRODUCT_NAME = "$(TARGET_NAME)";
				SWIFT_EMIT_LOC_STRINGS = YES;
				SWIFT_VERSION = 5.9;
				TARGETED_DEVICE_FAMILY = 1;
			};
			name = Debug;
		};
		AA00000000000000000000C6 /* Release */ = {
			isa = XCBuildConfiguration;
			buildSettings = {
				ASSETCATALOG_COMPILER_APPICON_NAME = AppIcon;
				ASSETCATALOG_COMPILER_GLOBAL_ACCENT_COLOR_NAME = AccentColor;
				CODE_SIGN_ENTITLEMENTS = Rede/Rede.entitlements;
				CODE_SIGN_STYLE = Automatic;
				CURRENT_PROJECT_VERSION = 25;
				DEVELOPMENT_TEAM = 47K95GV3X5;
				ENABLE_PREVIEWS = YES;
				GENERATE_INFOPLIST_FILE = NO;
				INFOPLIST_FILE = Rede/Info.plist;
				INFOPLIST_KEY_UIApplicationSceneManifest_Generation = NO;
				INFOPLIST_KEY_UILaunchScreen_Generation = NO;
				IPHONEOS_DEPLOYMENT_TARGET = 17.0;
				LD_RUNPATH_SEARCH_PATHS = (
					"$(inherited)",
					"@executable_path/Frameworks",
				);
				MARKETING_VERSION = 1.8;
				PRODUCT_BUNDLE_IDENTIFIER = com.tinsab.rede;
				PRODUCT_NAME = "$(TARGET_NAME)";
				SWIFT_EMIT_LOC_STRINGS = YES;
				SWIFT_VERSION = 5.9;
				TARGETED_DEVICE_FAMILY = 1;
			};
			name = Release;
		};
		F1000000000000000000000F /* Debug */ = {
			isa = XCBuildConfiguration;
			buildSettings = {
				BUNDLE_LOADER = "$(TEST_HOST)";
				CODE_SIGN_STYLE = Automatic;
				DEVELOPMENT_TEAM = 47K95GV3X5;
				GENERATE_INFOPLIST_FILE = YES;
				IPHONEOS_DEPLOYMENT_TARGET = 17.0;
				LD_RUNPATH_SEARCH_PATHS = (
					"$(inherited)",
					"@executable_path/Frameworks",
					"@loader_path/Frameworks",
				);
				PRODUCT_BUNDLE_IDENTIFIER = com.tinsab.rede.tests;
				PRODUCT_NAME = "$(TARGET_NAME)";
				STRING_CATALOG_GENERATE_SYMBOLS = NO;
				SWIFT_EMIT_LOC_STRINGS = NO;
				SWIFT_VERSION = 5.9;
				TARGETED_DEVICE_FAMILY = 1;
				TEST_HOST = "$(BUILT_PRODUCTS_DIR)/Rede.app/$(BUNDLE_EXECUTABLE_FOLDER_PATH)/Rede";
			};
			name = Debug;
		};
		F10000000000000000000010 /* Release */ = {
			isa = XCBuildConfiguration;
			buildSettings = {
				BUNDLE_LOADER = "$(TEST_HOST)";
				CODE_SIGN_STYLE = Automatic;
				DEVELOPMENT_TEAM = 47K95GV3X5;
				GENERATE_INFOPLIST_FILE = YES;
				IPHONEOS_DEPLOYMENT_TARGET = 17.0;
				LD_RUNPATH_SEARCH_PATHS = (
					"$(inherited)",
					"@executable_path/Frameworks",
					"@loader_path/Frameworks",
				);
				PRODUCT_BUNDLE_IDENTIFIER = com.tinsab.rede.tests;
				PRODUCT_NAME = "$(TARGET_NAME)";
				STRING_CATALOG_GENERATE_SYMBOLS = NO;
				SWIFT_EMIT_LOC_STRINGS = NO;
				SWIFT_VERSION = 5.9;
				TARGETED_DEVICE_FAMILY = 1;
				TEST_HOST = "$(BUILT_PRODUCTS_DIR)/Rede.app/$(BUNDLE_EXECUTABLE_FOLDER_PATH)/Rede";
			};
			name = Release;
		};
		EE00000000000000000000C5 /* Debug */ = {
			isa = XCBuildConfiguration;
			buildSettings = {
				CODE_SIGN_ENTITLEMENTS = RedeWidget/RedeWidget.entitlements;
				CODE_SIGN_STYLE = Automatic;
				CURRENT_PROJECT_VERSION = 25;
				DEVELOPMENT_TEAM = 47K95GV3X5;
				GENERATE_INFOPLIST_FILE = NO;
				INFOPLIST_FILE = RedeWidget/Info.plist;
				IPHONEOS_DEPLOYMENT_TARGET = 17.0;
				LD_RUNPATH_SEARCH_PATHS = (
					"$(inherited)",
					"@executable_path/Frameworks",
					"@executable_path/../../Frameworks",
				);
				MARKETING_VERSION = 1.8;
				PRODUCT_BUNDLE_IDENTIFIER = com.tinsab.rede.RedeWidget;
				PRODUCT_NAME = "$(TARGET_NAME)";
				SKIP_INSTALL = YES;
				SWIFT_ACTIVE_COMPILATION_CONDITIONS = "DEBUG $(inherited)";
				SWIFT_EMIT_LOC_STRINGS = YES;
				SWIFT_OPTIMIZATION_LEVEL = "-Onone";
				SWIFT_VERSION = 5.9;
				TARGETED_DEVICE_FAMILY = 1;
			};
			name = Debug;
		};
		EE00000000000000000000C6 /* Release */ = {
			isa = XCBuildConfiguration;
			buildSettings = {
				CODE_SIGN_ENTITLEMENTS = RedeWidget/RedeWidget.entitlements;
				CODE_SIGN_STYLE = Automatic;
				CURRENT_PROJECT_VERSION = 25;
				DEVELOPMENT_TEAM = 47K95GV3X5;
				GENERATE_INFOPLIST_FILE = NO;
				INFOPLIST_FILE = RedeWidget/Info.plist;
				IPHONEOS_DEPLOYMENT_TARGET = 17.0;
				LD_RUNPATH_SEARCH_PATHS = (
					"$(inherited)",
					"@executable_path/Frameworks",
					"@executable_path/../../Frameworks",
				);
				MARKETING_VERSION = 1.8;
				PRODUCT_BUNDLE_IDENTIFIER = com.tinsab.rede.RedeWidget;
				PRODUCT_NAME = "$(TARGET_NAME)";
				SKIP_INSTALL = YES;
				SWIFT_COMPILATION_MODE = wholemodule;
				SWIFT_EMIT_LOC_STRINGS = YES;
				SWIFT_VERSION = 5.9;
				TARGETED_DEVICE_FAMILY = 1;
			};
			name = Release;
		};
/* End XCBuildConfiguration section */

/* Begin XCConfigurationList section */
		AA00000000000000000000C1 /* Build configuration list for PBXProject "Rede" */ = {
			isa = XCConfigurationList;
			buildConfigurations = (
				AA00000000000000000000C3 /* Debug */,
				AA00000000000000000000C4 /* Release */,
			);
			defaultConfigurationIsVisible = 0;
			defaultConfigurationName = Release;
		};
		AA00000000000000000000C2 /* Build configuration list for PBXNativeTarget "Rede" */ = {
			isa = XCConfigurationList;
			buildConfigurations = (
				AA00000000000000000000C5 /* Debug */,
				AA00000000000000000000C6 /* Release */,
			);
			defaultConfigurationIsVisible = 0;
			defaultConfigurationName = Release;
		};
		F1000000000000000000000E /* Build configuration list for PBXNativeTarget "RedeTests" */ = {
			isa = XCConfigurationList;
			buildConfigurations = (
				F1000000000000000000000F /* Debug */,
				F10000000000000000000010 /* Release */,
			);
			defaultConfigurationIsVisible = 0;
			defaultConfigurationName = Release;
		};
		EE00000000000000000000C2 /* Build configuration list for PBXNativeTarget "RedeWidgetExtension" */ = {
			isa = XCConfigurationList;
			buildConfigurations = (
				EE00000000000000000000C5 /* Debug */,
				EE00000000000000000000C6 /* Release */,
			);
			defaultConfigurationIsVisible = 0;
			defaultConfigurationName = Release;
		};
/* End XCConfigurationList section */

/* Begin XCLocalSwiftPackageReference section */
		AA00000000000000000000F7 /* XCLocalSwiftPackageReference "packages/RedeL10n" */ = {
			isa = XCLocalSwiftPackageReference;
			relativePath = packages/RedeL10n;
		};
		BB00000000000000000001C1 /* XCLocalSwiftPackageReference "packages/RedeDomain" */ = {
			isa = XCLocalSwiftPackageReference;
			relativePath = packages/RedeDomain;
		};
		BB00000000000000000001C2 /* XCLocalSwiftPackageReference "packages/RedeDataHealth" */ = {
			isa = XCLocalSwiftPackageReference;
			relativePath = packages/RedeDataHealth;
		};
		BB00000000000000000001C3 /* XCLocalSwiftPackageReference "packages/RedePersistence" */ = {
			isa = XCLocalSwiftPackageReference;
			relativePath = packages/RedePersistence;
		};
		BB00000000000000000001C4 /* XCLocalSwiftPackageReference "packages/RedeTrainingDecision" */ = {
			isa = XCLocalSwiftPackageReference;
			relativePath = packages/RedeTrainingDecision;
		};
		CC00000000000000000001B3 /* XCLocalSwiftPackageReference "packages/RedeLocalSnapshot" */ = {
			isa = XCLocalSwiftPackageReference;
			relativePath = packages/RedeLocalSnapshot;
		};
		DD00000000000000000000C1 /* XCLocalSwiftPackageReference "packages/RedeNotifications" */ = {
			isa = XCLocalSwiftPackageReference;
			relativePath = packages/RedeNotifications;
		};
		DD00000000000000000000C2 /* XCLocalSwiftPackageReference "packages/RedeHealthKit" */ = {
			isa = XCLocalSwiftPackageReference;
			relativePath = packages/RedeHealthKit;
		};
		EE00000000000000000000F1 /* XCLocalSwiftPackageReference "packages/RedeWidgetShared" */ = {
			isa = XCLocalSwiftPackageReference;
			relativePath = packages/RedeWidgetShared;
		};
		FF00000000000000000000C1 /* XCLocalSwiftPackageReference "packages/RedeEntitlements" */ = {
			isa = XCLocalSwiftPackageReference;
			relativePath = packages/RedeEntitlements;
		};
/* End XCLocalSwiftPackageReference section */

/* Begin XCSwiftPackageProductDependency section */
		AA0000000000000000000107 /* RedeL10n */ = {
			isa = XCSwiftPackageProductDependency;
			productName = RedeL10n;
		};
		BB00000000000000000001B1 /* RedeDomain */ = {
			isa = XCSwiftPackageProductDependency;
			productName = RedeDomain;
		};
		BB00000000000000000001B2 /* RedeDataHealth */ = {
			isa = XCSwiftPackageProductDependency;
			productName = RedeDataHealth;
		};
		BB00000000000000000001B3 /* RedePersistence */ = {
			isa = XCSwiftPackageProductDependency;
			productName = RedePersistence;
		};
		BB00000000000000000001B4 /* RedeTrainingDecision */ = {
			isa = XCSwiftPackageProductDependency;
			productName = RedeTrainingDecision;
		};
		CC00000000000000000001B2 /* RedeLocalSnapshot */ = {
			isa = XCSwiftPackageProductDependency;
			productName = RedeLocalSnapshot;
		};
		DD00000000000000000000B1 /* RedeNotifications */ = {
			isa = XCSwiftPackageProductDependency;
			productName = RedeNotifications;
		};
		DD00000000000000000000B2 /* RedeHealthKit */ = {
			isa = XCSwiftPackageProductDependency;
			productName = RedeHealthKit;
		};
		EE00000000000000000000D1 /* RedeWidgetShared */ = {
			isa = XCSwiftPackageProductDependency;
			productName = RedeWidgetShared;
		};
		EE00000000000000000000D3 /* RedeWidgetShared */ = {
			isa = XCSwiftPackageProductDependency;
			productName = RedeWidgetShared;
		};
		FF00000000000000000000B1 /* RedeEntitlements */ = {
			isa = XCSwiftPackageProductDependency;
			productName = RedeEntitlements;
		};
		F10000000000000000000011 /* RedeEntitlements */ = {
			isa = XCSwiftPackageProductDependency;
			productName = RedeEntitlements;
		};
/* End XCSwiftPackageProductDependency section */
	};
	rootObject = AA00000000000000000000A1 /* Project object */;
}
